
Microsoft Visual Studio Solution File, Format Version 12.00
# Visual Studio 15
VisualStudioVersion = 15.0.28307.168
MinimumVisualStudioVersion = 10.0.40219.1
Project("{FAE04EC0-301F-11D3-BF4B-00C04F79EFBC}") = "RenCarSystem_Form", "WindowsFormsApp1\RenCarSystem_Form.csproj", "{43DF9B7D-3025-492F-9AD6-51E6B9017488}"
EndProject
Global
	GlobalSection(SolutionConfigurationPlatforms) = preSolution
		Debug|Any CPU = Debug|Any CPU
		Release|Any CPU = Release|Any CPU
	EndGlobalSection
	GlobalSection(ProjectConfigurationPlatforms) = postSolution
		{43DF9B7D-3025-492F-9AD6-51E6B9017488}.Debug|Any CPU.ActiveCfg = Debug|Any CPU
		{43DF9B7D-3025-492F-9AD6-51E6B9017488}.Debug|Any CPU.Build.0 = Debug|Any CPU
		{43DF9B7D-3025-492F-9AD6-51E6B9017488}.Release|Any CPU.ActiveCfg = Release|Any CPU
		{43DF9B7D-3025-492F-9AD6-51E6B9017488}.Release|Any CPU.Build.0 = Release|Any CPU
	EndGlobalSection
	GlobalSection(SolutionProperties) = preSolution
		HideSolutionNode = FALSE
	EndGlobalSection
	GlobalSection(ExtensibilityGlobals) = postSolution
		SolutionGuid = {1E347C9D-3A3D-49BD-BF3C-8482A399121D}
	EndGlobalSection
EndGlobal
